{
  "name": "@msfe/usu-command",
  "version": "0.0.8",
  "lockfileVersion": 2,
  "requires": true,
  "packages": {
    "": {
      "name": "@msfe/usu-command",
      "version": "0.0.8",
      "license": "ISC",
      "dependencies": {
        "@msfe/usu-log": "file:../../utils/log",
        "colors": "^1.4.0",
        "semver": "^7.3.7"
      }
    },
    "../../utils/log": {
      "version": "0.0.7",
      "license": "ISC",
      "dependencies": {
        "npmlog": "^6.0.2"
      }
    },
    "node_modules/@msfe/usu-log": {
      "resolved": "../../utils/log",
      "link": true
    },
    "node_modules/colors": {
      "version": "1.4.0",
      "resolved": "https://npm.in.zhihu.com/colors/-/colors-1.4.0.tgz",
      "integrity": "sha1-xQSRR51MG9rtLJztMs98fcI2D3g=",
      "license": "MIT",
      "engines": {
        "node": ">=0.1.90"
      }
    },
    "node_modules/lru-cache": {
      "version": "6.0.0",
      "resolved": "https://npm.in.zhihu.com/lru-cache/-/lru-cache-6.0.0.tgz",
      "integrity": "sha1-bW/mVw69lqr5D8rR2vo7JWbbOpQ=",
      "license": "ISC",
      "dependencies": {
        "yallist": "^4.0.0"
      },
      "engines": {
        "node": ">=10"
      }
    },
    "node_modules/semver": {
      "version": "7.3.7",
      "resolved": "https://npm.in.zhihu.com/semver/-/semver-7.3.7.tgz",
      "integrity": "sha512-QlYTucUYOews+WeEujDoEGziz4K6c47V/Bd+LjSSYcA94p+DmINdf7ncaUinThfvZyu13lN9OY1XDxt8C0Tw0g==",
      "license": "ISC",
      "dependencies": {
        "lru-cache": "^6.0.0"
      },
      "bin": {
        "semver": "bin/semver.js"
      },
      "engines": {
        "node": ">=10"
      }
    },
    "node_modules/yallist": {
      "version": "4.0.0",
      "resolved": "https://npm.in.zhihu.com/yallist/-/yallist-4.0.0.tgz",
      "integrity": "sha1-m7knkNnA7/7GO+c1GeEaNQGaOnI=",
      "license": "ISC"
    }
  },
  "dependencies": {
    "@msfe/usu-log": {
      "version": "file:../../utils/log",
      "requires": {
        "npmlog": "^6.0.2"
      }
    },
    "colors": {
      "version": "1.4.0",
      "resolved": "https://npm.in.zhihu.com/colors/-/colors-1.4.0.tgz",
      "integrity": "sha1-xQSRR51MG9rtLJztMs98fcI2D3g="
    },
    "lru-cache": {
      "version": "6.0.0",
      "resolved": "https://npm.in.zhihu.com/lru-cache/-/lru-cache-6.0.0.tgz",
      "integrity": "sha1-bW/mVw69lqr5D8rR2vo7JWbbOpQ=",
      "requires": {
        "yallist": "^4.0.0"
      }
    },
    "semver": {
      "version": "7.3.7",
      "resolved": "https://npm.in.zhihu.com/semver/-/semver-7.3.7.tgz",
      "integrity": "sha512-QlYTucUYOews+WeEujDoEGziz4K6c47V/Bd+LjSSYcA94p+DmINdf7ncaUinThfvZyu13lN9OY1XDxt8C0Tw0g==",
      "requires": {
        "lru-cache": "^6.0.0"
      }
    },
    "yallist": {
      "version": "4.0.0",
      "resolved": "https://npm.in.zhihu.com/yallist/-/yallist-4.0.0.tgz",
      "integrity": "sha1-m7knkNnA7/7GO+c1GeEaNQGaOnI="
    }
  }
}
